
Microsoft Visual Studio Solution File, Format Version 12.00
# Visual Studio 14
VisualStudioVersion = 14.0.25420.1
MinimumVisualStudioVersion = 10.0.40219.1
Project("{FAE04EC0-301F-11D3-BF4B-00C04F79EFBC}") = "Messiah", "Messiah\Messiah.csproj", "{85A2725A-E6A0-4A2B-9781-2EB087FE2A75}"
EndProject
Global
	GlobalSection(SolutionConfigurationPlatforms) = preSolution
		Debug|Any CPU = Debug|Any CPU
		Release|Any CPU = Release|Any CPU
	EndGlobalSection
	GlobalSection(ProjectConfigurationPlatforms) = postSolution
		{85A2725A-E6A0-4A2B-9781-2EB087FE2A75}.Debug|Any CPU.ActiveCfg = Debug|Any CPU
		{85A2725A-E6A0-4A2B-9781-2EB087FE2A75}.Debug|Any CPU.Build.0 = Debug|Any CPU
		{85A2725A-E6A0-4A2B-9781-2EB087FE2A75}.Release|Any CPU.ActiveCfg = Release|Any CPU
		{85A2725A-E6A0-4A2B-9781-2EB087FE2A75}.Release|Any CPU.Build.0 = Release|Any CPU
	EndGlobalSection
	GlobalSection(SolutionProperties) = preSolution
		HideSolutionNode = FALSE
	EndGlobalSection
EndGlobal
